<Solution>
  <Folder Name="/Solution Items/">
    <File Path="Directory.Build.props" />
    <File Path="Directory.Packages.props" />
    <File Path="README.md" />
  </Folder>
  <Folder Name="/src/" />
  <Folder Name="/src/BuildingBlocks/">
    <Project Path="ListMaker.Contracts/ListMaker.Contracts.csproj" Id="54735cf0-4da2-4033-a9f7-b1ffee4b15d2" />
  </Folder>
  <Folder Name="/src/Clients/">
    <Project Path="ListMaker.Client/ListMaker.Client.csproj" Id="a28cffbd-bfb0-43d4-b2d9-564c9287e9eb" />
  </Folder>
  <Folder Name="/src/Services/" />
  <Folder Name="/src/Services/ListMaker/">
    <Project Path="ListMaker.Api/ListMaker.Api.csproj" Id="be68c23c-0f51-45ae-969d-e64c89c3d322" />
  </Folder>
  <Folder Name="/src/Services/ListReader/">
    <Project Path="ListReader.Api/ListReader.Api.csproj" Id="627704d8-0d61-4820-92ee-d2aa403e995a" />
  </Folder>
  <Folder Name="/Tests/" />
  <Folder Name="/Tests/Integration/">
    <Project Path="Tests/Integration/ListMaker.Api.IntegrationTests/ListMaker.Api.IntegrationTests.csproj" Id="d4f92510-afa9-48af-a899-831e03931f93" />
    <Project Path="Tests/Integration/ListReader.Api.IntegrationTests/ListReader.Api.IntegrationTests.csproj" Id="244d423f-9bc7-4a12-8232-ff3aa7f76a92" />
  </Folder>
  <Folder Name="/Tests/Load/" />
  <Folder Name="/Tests/Unit/">
    <Project Path="Tests/Unit/ListMaker.Api.UnitTests/ListMaker.Api.UnitTests.csproj" Id="d60df23c-6619-4186-b135-764593ed5569" />
    <Project Path="Tests/Unit/ListMaker.Client.UnitTests/ListMaker.Client.UnitTests.csproj" Id="aea5ea4b-a0ee-4d80-a3ad-c5beda528c82" />
    <Project Path="Tests/Unit/ListReader.Api.UnitTests/ListReader.Api.UnitTests.csproj" Id="93649d14-cee1-40ba-8a63-befccb0bae5b" />
  </Folder>
</Solution>
